
Microsoft Visual Studio Solution File, Format Version 12.00
# Visual Studio 15
VisualStudioVersion = 15.0.27130.2027
MinimumVisualStudioVersion = 10.0.40219.1
Project("{FAE04EC0-301F-11D3-BF4B-00C04F79EFBC}") = "OpenHardwareMonitorExporter", "OpenHardwareMonitorExporter\OpenHardwareMonitorExporter.csproj", "{F09FBDBA-07A0-484C-A3E0-0BC96FB7BCBA}"
EndProject
Project("{FAE04EC0-301F-11D3-BF4B-00C04F79EFBC}") = "OpenHardwareMonitorLib", "OpenHardwareMonitor\OpenHardwareMonitorLib.csproj", "{B0397530-545A-471D-BB74-027AE456DF1A}"
EndProject
Project("{2150E333-8FDC-42A3-9474-1A3956D46DE8}") = "Solution Items", "Solution Items", "{2A594ABB-8C72-40CD-B37F-D5B4F938F713}"
	ProjectSection(SolutionItems) = preProject
		README.md = README.md
	EndProjectSection
EndProject
Global
	GlobalSection(SolutionConfigurationPlatforms) = preSolution
		Debug|Any CPU = Debug|Any CPU
		Release|Any CPU = Release|Any CPU
	EndGlobalSection
	GlobalSection(ProjectConfigurationPlatforms) = postSolution
		{F09FBDBA-07A0-484C-A3E0-0BC96FB7BCBA}.Debug|Any CPU.ActiveCfg = Debug|Any CPU
		{F09FBDBA-07A0-484C-A3E0-0BC96FB7BCBA}.Debug|Any CPU.Build.0 = Debug|Any CPU
		{F09FBDBA-07A0-484C-A3E0-0BC96FB7BCBA}.Release|Any CPU.ActiveCfg = Release|Any CPU
		{F09FBDBA-07A0-484C-A3E0-0BC96FB7BCBA}.Release|Any CPU.Build.0 = Release|Any CPU
		{B0397530-545A-471D-BB74-027AE456DF1A}.Debug|Any CPU.ActiveCfg = Debug|Any CPU
		{B0397530-545A-471D-BB74-027AE456DF1A}.Debug|Any CPU.Build.0 = Debug|Any CPU
		{B0397530-545A-471D-BB74-027AE456DF1A}.Release|Any CPU.ActiveCfg = Release|Any CPU
		{B0397530-545A-471D-BB74-027AE456DF1A}.Release|Any CPU.Build.0 = Release|Any CPU
	EndGlobalSection
	GlobalSection(SolutionProperties) = preSolution
		HideSolutionNode = FALSE
	EndGlobalSection
	GlobalSection(ExtensibilityGlobals) = postSolution
		SolutionGuid = {1AB2981F-AF7B-484C-800F-B551FA4D570E}
	EndGlobalSection
EndGlobal
